// !$*UTF8*$!
{
	archiveVersion = 1;
	classes = {
	};
	objectVersion = 46;
	objects = {

/* Begin PBXBuildFile section */
		C0329E9A71EEEE60BA71E033 /* Pods_SocialMediaApp.framework in Frameworks */ = {isa = PBXBuildFile; fileRef = 8D3D9000069F5F37B5CE8613 /* Pods_SocialMediaApp.framework */; };
		FC10F7031ECF4F2100A51011 /* AppDelegate.swift in Sources */ = {isa = PBXBuildFile; fileRef = FC10F7021ECF4F2100A51011 /* AppDelegate.swift */; };
		FC10F7051ECF4F2100A51011 /* SignInVC.swift in Sources */ = {isa = PBXBuildFile; fileRef = FC10F7041ECF4F2100A51011 /* SignInVC.swift */; };
		FC10F7081ECF4F2100A51011 /* Main.storyboard in Resources */ = {isa = PBXBuildFile; fileRef = FC10F7061ECF4F2100A51011 /* Main.storyboard */; };
		FC10F70B1ECF4F2100A51011 /* SocialMediaApp.xcdatamodeld in Sources */ = {isa = PBXBuildFile; fileRef = FC10F7091ECF4F2100A51011 /* SocialMediaApp.xcdatamodeld */; };
		FC10F70D1ECF4F2100A51011 /* Assets.xcassets in Resources */ = {isa = PBXBuildFile; fileRef = FC10F70C1ECF4F2100A51011 /* Assets.xcassets */; };
		FC10F7101ECF4F2100A51011 /* LaunchScreen.storyboard in Resources */ = {isa = PBXBuildFile; fileRef = FC10F70E1ECF4F2100A51011 /* LaunchScreen.storyboard */; };
		FC10F7181ECF509500A51011 /* GoogleService-Info.plist in Resources */ = {isa = PBXBuildFile; fileRef = FC10F7171ECF509500A51011 /* GoogleService-Info.plist */; };
		FC46C10F1ED3ADE400331009 /* DataServices.swift in Sources */ = {isa = PBXBuildFile; fileRef = FC46C10E1ED3ADE400331009 /* DataServices.swift */; };
		FCCEA17F1ED1F99100E3F9D0 /* FeedVC.swift in Sources */ = {isa = PBXBuildFile; fileRef = FCCEA17E1ED1F99100E3F9D0 /* FeedVC.swift */; };
		FCCEA1821ED2160300E3F9D0 /* RoundView.swift in Sources */ = {isa = PBXBuildFile; fileRef = FCCEA1811ED2160300E3F9D0 /* RoundView.swift */; };
		FCCEA1841ED3783000E3F9D0 /* PostCell.swift in Sources */ = {isa = PBXBuildFile; fileRef = FCCEA1831ED3783000E3F9D0 /* PostCell.swift */; };
		FCEA40CF1ECF563E00D24411 /* concert-crowd-cropped.jpeg in Resources */ = {isa = PBXBuildFile; fileRef = FCEA40CE1ECF563E00D24411 /* concert-crowd-cropped.jpeg */; };
		FCEA40D11ECF5AA400D24411 /* RoundButton.swift in Sources */ = {isa = PBXBuildFile; fileRef = FCEA40D01ECF5AA400D24411 /* RoundButton.swift */; };
		FCEA40D31ECF5B8E00D24411 /* RoundedButton.swift in Sources */ = {isa = PBXBuildFile; fileRef = FCEA40D21ECF5B8E00D24411 /* RoundedButton.swift */; };
/* End PBXBuildFile section */

/* Begin PBXFileReference section */
		690A4C1DF2ED9F5F2219F8A7 /* Pods-SocialMediaApp.release.xcconfig */ = {isa = PBXFileReference; includeInIndex = 1; lastKnownFileType = text.xcconfig; name = "Pods-SocialMediaApp.release.xcconfig"; path = "Pods/Target Support Files/Pods-SocialMediaApp/Pods-SocialMediaApp.release.xcconfig"; sourceTree = "<group>"; };
		8D3D9000069F5F37B5CE8613 /* Pods_SocialMediaApp.framework */ = {isa = PBXFileReference; explicitFileType = wrapper.framework; includeInIndex = 0; path = Pods_SocialMediaApp.framework; sourceTree = BUILT_PRODUCTS_DIR; };
		E6851D94A1E3BAA05A9935E6 /* Pods-SocialMediaApp.debug.xcconfig */ = {isa = PBXFileReference; includeInIndex = 1; lastKnownFileType = text.xcconfig; name = "Pods-SocialMediaApp.debug.xcconfig"; path = "Pods/Target Support Files/Pods-SocialMediaApp/Pods-SocialMediaApp.debug.xcconfig"; sourceTree = "<group>"; };
		FC10F6FF1ECF4F2100A51011 /* SocialMediaApp.app */ = {isa = PBXFileReference; explicitFileType = wrapper.application; includeInIndex = 0; path = SocialMediaApp.app; sourceTree = BUILT_PRODUCTS_DIR; };
		FC10F7021ECF4F2100A51011 /* AppDelegate.swift */ = {isa = PBXFileReference; lastKnownFileType = sourcecode.swift; path = AppDelegate.swift; sourceTree = "<group>"; };
		FC10F7041ECF4F2100A51011 /* SignInVC.swift */ = {isa = PBXFileReference; lastKnownFileType = sourcecode.swift; path = SignInVC.swift; sourceTree = "<group>"; };
		FC10F7071ECF4F2100A51011 /* Base */ = {isa = PBXFileReference; lastKnownFileType = file.storyboard; name = Base; path = Base.lproj/Main.storyboard; sourceTree = "<group>"; };
		FC10F70A1ECF4F2100A51011 /* SocialMediaApp.xcdatamodel */ = {isa = PBXFileReference; lastKnownFileType = wrapper.xcdatamodel; path = SocialMediaApp.xcdatamodel; sourceTree = "<group>"; };
		FC10F70C1ECF4F2100A51011 /* Assets.xcassets */ = {isa = PBXFileReference; lastKnownFileType = folder.assetcatalog; path = Assets.xcassets; sourceTree = "<group>"; };
		FC10F70F1ECF4F2100A51011 /* Base */ = {isa = PBXFileReference; lastKnownFileType = file.storyboard; name = Base; path = Base.lproj/LaunchScreen.storyboard; sourceTree = "<group>"; };
		FC10F7111ECF4F2100A51011 /* Info.plist */ = {isa = PBXFileReference; lastKnownFileType = text.plist.xml; path = Info.plist; sourceTree = "<group>"; };
		FC10F7171ECF509500A51011 /* GoogleService-Info.plist */ = {isa = PBXFileReference; fileEncoding = 4; lastKnownFileType = text.plist.xml; path = "GoogleService-Info.plist"; sourceTree = "<group>"; };
		FC46C10E1ED3ADE400331009 /* DataServices.swift */ = {isa = PBXFileReference; fileEncoding = 4; lastKnownFileType = sourcecode.swift; path = DataServices.swift; sourceTree = "<group>"; };
		FCCEA17E1ED1F99100E3F9D0 /* FeedVC.swift */ = {isa = PBXFileReference; fileEncoding = 4; lastKnownFileType = sourcecode.swift; path = FeedVC.swift; sourceTree = "<group>"; };
		FCCEA1801ED1FFD800E3F9D0 /* SocialMediaApp.entitlements */ = {isa = PBXFileReference; lastKnownFileType = text.plist.entitlements; path = SocialMediaApp.entitlements; sourceTree = "<group>"; };
		FCCEA1811ED2160300E3F9D0 /* RoundView.swift */ = {isa = PBXFileReference; fileEncoding = 4; lastKnownFileType = sourcecode.swift; path = RoundView.swift; sourceTree = "<group>"; };
		FCCEA1831ED3783000E3F9D0 /* PostCell.swift */ = {isa = PBXFileReference; fileEncoding = 4; lastKnownFileType = sourcecode.swift; path = PostCell.swift; sourceTree = "<group>"; };
		FCEA40CE1ECF563E00D24411 /* concert-crowd-cropped.jpeg */ = {isa = PBXFileReference; lastKnownFileType = image.jpeg; path = "concert-crowd-cropped.jpeg"; sourceTree = "<group>"; };
		FCEA40D01ECF5AA400D24411 /* RoundButton.swift */ = {isa = PBXFileReference; fileEncoding = 4; lastKnownFileType = sourcecode.swift; path = RoundButton.swift; sourceTree = "<group>"; };
		FCEA40D21ECF5B8E00D24411 /* RoundedButton.swift */ = {isa = PBXFileReference; fileEncoding = 4; lastKnownFileType = sourcecode.swift; path = RoundedButton.swift; sourceTree = "<group>"; };
/* End PBXFileReference section */

/* Begin PBXFrameworksBuildPhase section */
		FC10F6FC1ECF4F2100A51011 /* Frameworks */ = {
			isa = PBXFrameworksBuildPhase;
			buildActionMask = 2147483647;
			files = (
				C0329E9A71EEEE60BA71E033 /* Pods_SocialMediaApp.framework in Frameworks */,
			);
			runOnlyForDeploymentPostprocessing = 0;
		};
/* End PBXFrameworksBuildPhase section */

/* Begin PBXGroup section */
		1EFB5FBF9C4932B6D49E245E /* Frameworks */ = {
			isa = PBXGroup;
			children = (
				8D3D9000069F5F37B5CE8613 /* Pods_SocialMediaApp.framework */,
			);
			name = Frameworks;
			sourceTree = "<group>";
		};
		A34AD2ABF76351C9944B0B31 /* Pods */ = {
			isa = PBXGroup;
			children = (
				E6851D94A1E3BAA05A9935E6 /* Pods-SocialMediaApp.debug.xcconfig */,
				690A4C1DF2ED9F5F2219F8A7 /* Pods-SocialMediaApp.release.xcconfig */,
			);
			name = Pods;
			sourceTree = "<group>";
		};
		FC10F6F61ECF4F2000A51011 = {
			isa = PBXGroup;
			children = (
				FC10F7011ECF4F2100A51011 /* SocialMediaApp */,
				FC10F7001ECF4F2100A51011 /* Products */,
				A34AD2ABF76351C9944B0B31 /* Pods */,
				1EFB5FBF9C4932B6D49E245E /* Frameworks */,
			);
			sourceTree = "<group>";
		};
		FC10F7001ECF4F2100A51011 /* Products */ = {
			isa = PBXGroup;
			children = (
				FC10F6FF1ECF4F2100A51011 /* SocialMediaApp.app */,
			);
			name = Products;
			sourceTree = "<group>";
		};
		FC10F7011ECF4F2100A51011 /* SocialMediaApp */ = {
			isa = PBXGroup;
			children = (
				FC46C10D1ED3ADCE00331009 /* Services */,
				FCCEA1801ED1FFD800E3F9D0 /* SocialMediaApp.entitlements */,
				FCEA40CD1ECF52D600D24411 /* Controller */,
				FCEA40CC1ECF52D000D24411 /* View */,
				FCEA40CB1ECF52C900D24411 /* Model */,
				FC10F7021ECF4F2100A51011 /* AppDelegate.swift */,
				FC10F7061ECF4F2100A51011 /* Main.storyboard */,
				FC10F70C1ECF4F2100A51011 /* Assets.xcassets */,
				FCEA40CE1ECF563E00D24411 /* concert-crowd-cropped.jpeg */,
				FC10F70E1ECF4F2100A51011 /* LaunchScreen.storyboard */,
				FC10F7111ECF4F2100A51011 /* Info.plist */,
				FC10F7091ECF4F2100A51011 /* SocialMediaApp.xcdatamodeld */,
				FC10F7171ECF509500A51011 /* GoogleService-Info.plist */,
			);
			path = SocialMediaApp;
			sourceTree = "<group>";
		};
		FC46C10D1ED3ADCE00331009 /* Services */ = {
			isa = PBXGroup;
			children = (
				FC46C10E1ED3ADE400331009 /* DataServices.swift */,
			);
			name = Services;
			sourceTree = "<group>";
		};
		FCEA40CB1ECF52C900D24411 /* Model */ = {
			isa = PBXGroup;
			children = (
			);
			name = Model;
			sourceTree = "<group>";
		};
		FCEA40CC1ECF52D000D24411 /* View */ = {
			isa = PBXGroup;
			children = (
				FCEA40D01ECF5AA400D24411 /* RoundButton.swift */,
				FCEA40D21ECF5B8E00D24411 /* RoundedButton.swift */,
				FCCEA1811ED2160300E3F9D0 /* RoundView.swift */,
				FCCEA1831ED3783000E3F9D0 /* PostCell.swift */,
			);
			name = View;
			sourceTree = "<group>";
		};
		FCEA40CD1ECF52D600D24411 /* Controller */ = {
			isa = PBXGroup;
			children = (
				FC10F7041ECF4F2100A51011 /* SignInVC.swift */,
				FCCEA17E1ED1F99100E3F9D0 /* FeedVC.swift */,
			);
			name = Controller;
			sourceTree = "<group>";
		};
/* End PBXGroup section */

/* Begin PBXNativeTarget section */
		FC10F6FE1ECF4F2100A51011 /* SocialMediaApp */ = {
			isa = PBXNativeTarget;
			buildConfigurationList = FC10F7141ECF4F2100A51011 /* Build configuration list for PBXNativeTarget "SocialMediaApp" */;
			buildPhases = (
				0634476EB2361014DAFBC0B2 /* [CP] Check Pods Manifest.lock */,
				FC10F6FB1ECF4F2100A51011 /* Sources */,
				FC10F6FC1ECF4F2100A51011 /* Frameworks */,
				FC10F6FD1ECF4F2100A51011 /* Resources */,
				07E6DF4EB908C744533A0E33 /* [CP] Embed Pods Frameworks */,
				26AFAE2E93AFDBE3B4469DE2 /* [CP] Copy Pods Resources */,
			);
			buildRules = (
			);
			dependencies = (
			);
			name = SocialMediaApp;
			productName = SocialMediaApp;
			productReference = FC10F6FF1ECF4F2100A51011 /* SocialMediaApp.app */;
			productType = "com.apple.product-type.application";
		};
/* End PBXNativeTarget section */

/* Begin PBXProject section */
		FC10F6F71ECF4F2100A51011 /* Project object */ = {
			isa = PBXProject;
			attributes = {
				LastSwiftUpdateCheck = 0800;
				LastUpgradeCheck = 0800;
				ORGANIZATIONNAME = AdamSeppi;
				TargetAttributes = {
					FC10F6FE1ECF4F2100A51011 = {
						CreatedOnToolsVersion = 8.0;
						DevelopmentTeam = 8YA35LDKMD;
						ProvisioningStyle = Automatic;
						SystemCapabilities = {
							com.apple.Keychain = {
								enabled = 1;
							};
						};
					};
				};
			};
			buildConfigurationList = FC10F6FA1ECF4F2100A51011 /* Build configuration list for PBXProject "SocialMediaApp" */;
			compatibilityVersion = "Xcode 3.2";
			developmentRegion = English;
			hasScannedForEncodings = 0;
			knownRegions = (
				en,
				Base,
			);
			mainGroup = FC10F6F61ECF4F2000A51011;
			productRefGroup = FC10F7001ECF4F2100A51011 /* Products */;
			projectDirPath = "";
			projectRoot = "";
			targets = (
				FC10F6FE1ECF4F2100A51011 /* SocialMediaApp */,
			);
		};
/* End PBXProject section */

/* Begin PBXResourcesBuildPhase section */
		FC10F6FD1ECF4F2100A51011 /* Resources */ = {
			isa = PBXResourcesBuildPhase;
			buildActionMask = 2147483647;
			files = (
				FC10F7101ECF4F2100A51011 /* LaunchScreen.storyboard in Resources */,
				FC10F70D1ECF4F2100A51011 /* Assets.xcassets in Resources */,
				FCEA40CF1ECF563E00D24411 /* concert-crowd-cropped.jpeg in Resources */,
				FC10F7081ECF4F2100A51011 /* Main.storyboard in Resources */,
				FC10F7181ECF509500A51011 /* GoogleService-Info.plist in Resources */,
			);
			runOnlyForDeploymentPostprocessing = 0;
		};
/* End PBXResourcesBuildPhase section */

/* Begin PBXShellScriptBuildPhase section */
		0634476EB2361014DAFBC0B2 /* [CP] Check Pods Manifest.lock */ = {
			isa = PBXShellScriptBuildPhase;
			buildActionMask = 2147483647;
			files = (
			);
			inputPaths = (
			);
			name = "[CP] Check Pods Manifest.lock";
			outputPaths = (
			);
			runOnlyForDeploymentPostprocessing = 0;
			shellPath = /bin/sh;
			shellScript = "diff \"${PODS_ROOT}/../Podfile.lock\" \"${PODS_ROOT}/Manifest.lock\" > /dev/null\nif [ $? != 0 ] ; then\n    # print error to STDERR\n    echo \"error: The sandbox is not in sync with the Podfile.lock. Run 'pod install' or update your CocoaPods installation.\" >&2\n    exit 1\nfi\n";
			showEnvVarsInLog = 0;
		};
		07E6DF4EB908C744533A0E33 /* [CP] Embed Pods Frameworks */ = {
			isa = PBXShellScriptBuildPhase;
			buildActionMask = 2147483647;
			files = (
			);
			inputPaths = (
			);
			name = "[CP] Embed Pods Frameworks";
			outputPaths = (
			);
			runOnlyForDeploymentPostprocessing = 0;
			shellPath = /bin/sh;
			shellScript = "\"${SRCROOT}/Pods/Target Support Files/Pods-SocialMediaApp/Pods-SocialMediaApp-frameworks.sh\"\n";
			showEnvVarsInLog = 0;
		};
		26AFAE2E93AFDBE3B4469DE2 /* [CP] Copy Pods Resources */ = {
			isa = PBXShellScriptBuildPhase;
			buildActionMask = 2147483647;
			files = (
			);
			inputPaths = (
			);
			name = "[CP] Copy Pods Resources";
			outputPaths = (
			);
			runOnlyForDeploymentPostprocessing = 0;
			shellPath = /bin/sh;
			shellScript = "\"${SRCROOT}/Pods/Target Support Files/Pods-SocialMediaApp/Pods-SocialMediaApp-resources.sh\"\n";
			showEnvVarsInLog = 0;
		};
/* End PBXShellScriptBuildPhase section */

/* Begin PBXSourcesBuildPhase section */
		FC10F6FB1ECF4F2100A51011 /* Sources */ = {
			isa = PBXSourcesBuildPhase;
			buildActionMask = 2147483647;
			files = (
				FCCEA17F1ED1F99100E3F9D0 /* FeedVC.swift in Sources */,
				FCCEA1821ED2160300E3F9D0 /* RoundView.swift in Sources */,
				FCEA40D11ECF5AA400D24411 /* RoundButton.swift in Sources */,
				FCEA40D31ECF5B8E00D24411 /* RoundedButton.swift in Sources */,
				FC10F70B1ECF4F2100A51011 /* SocialMediaApp.xcdatamodeld in Sources */,
				FC10F7051ECF4F2100A51011 /* SignInVC.swift in Sources */,
				FC46C10F1ED3ADE400331009 /* DataServices.swift in Sources */,
				FC10F7031ECF4F2100A51011 /* AppDelegate.swift in Sources */,
				FCCEA1841ED3783000E3F9D0 /* PostCell.swift in Sources */,
			);
			runOnlyForDeploymentPostprocessing = 0;
		};
/* End PBXSourcesBuildPhase section */

/* Begin PBXVariantGroup section */
		FC10F7061ECF4F2100A51011 /* Main.storyboard */ = {
			isa = PBXVariantGroup;
			children = (
				FC10F7071ECF4F2100A51011 /* Base */,
			);
			name = Main.storyboard;
			sourceTree = "<group>";
		};
		FC10F70E1ECF4F2100A51011 /* LaunchScreen.storyboard */ = {
			isa = PBXVariantGroup;
			children = (
				FC10F70F1ECF4F2100A51011 /* Base */,
			);
			name = LaunchScreen.storyboard;
			sourceTree = "<group>";
		};
/* End PBXVariantGroup section */

/* Begin XCBuildConfiguration section */
		FC10F7121ECF4F2100A51011 /* Debug */ = {
			isa = XCBuildConfiguration;
			buildSettings = {
				ALWAYS_SEARCH_USER_PATHS = NO;
				CLANG_ANALYZER_NONNULL = YES;
				CLANG_CXX_LANGUAGE_STANDARD = "gnu++0x";
				CLANG_CXX_LIBRARY = "libc++";
				CLANG_ENABLE_MODULES = YES;
				CLANG_ENABLE_OBJC_ARC = YES;
				CLANG_WARN_BOOL_CONVERSION = YES;
				CLANG_WARN_CONSTANT_CONVERSION = YES;
				CLANG_WARN_DIRECT_OBJC_ISA_USAGE = YES_ERROR;
				CLANG_WARN_DOCUMENTATION_COMMENTS = YES;
				CLANG_WARN_EMPTY_BODY = YES;
				CLANG_WARN_ENUM_CONVERSION = YES;
				CLANG_WARN_INFINITE_RECURSION = YES;
				CLANG_WARN_INT_CONVERSION = YES;
				CLANG_WARN_OBJC_ROOT_CLASS = YES_ERROR;
				CLANG_WARN_SUSPICIOUS_MOVES = YES;
				CLANG_WARN_UNREACHABLE_CODE = YES;
				CLANG_WARN__DUPLICATE_METHOD_MATCH = YES;
				"CODE_SIGN_IDENTITY[sdk=iphoneos*]" = "iPhone Developer";
				COPY_PHASE_STRIP = NO;
				DEBUG_INFORMATION_FORMAT = dwarf;
				ENABLE_STRICT_OBJC_MSGSEND = YES;
				ENABLE_TESTABILITY = YES;
				GCC_C_LANGUAGE_STANDARD = gnu99;
				GCC_DYNAMIC_NO_PIC = NO;
				GCC_NO_COMMON_BLOCKS = YES;
				GCC_OPTIMIZATION_LEVEL = 0;
				GCC_PREPROCESSOR_DEFINITIONS = (
					"DEBUG=1",
					"$(inherited)",
				);
				GCC_WARN_64_TO_32_BIT_CONVERSION = YES;
				GCC_WARN_ABOUT_RETURN_TYPE = YES_ERROR;
				GCC_WARN_UNDECLARED_SELECTOR = YES;
				GCC_WARN_UNINITIALIZED_AUTOS = YES_AGGRESSIVE;
				GCC_WARN_UNUSED_FUNCTION = YES;
				GCC_WARN_UNUSED_VARIABLE = YES;
				IPHONEOS_DEPLOYMENT_TARGET = 10.0;
				MTL_ENABLE_DEBUG_INFO = YES;
				ONLY_ACTIVE_ARCH = YES;
				SDKROOT = iphoneos;
				SWIFT_ACTIVE_COMPILATION_CONDITIONS = DEBUG;
				SWIFT_OPTIMIZATION_LEVEL = "-Onone";
				TARGETED_DEVICE_FAMILY = "1,2";
			};
			name = Debug;
		};
		FC10F7131ECF4F2100A51011 /* Release */ = {
			isa = XCBuildConfiguration;
			buildSettings = {
				ALWAYS_SEARCH_USER_PATHS = NO;
				CLANG_ANALYZER_NONNULL = YES;
				CLANG_CXX_LANGUAGE_STANDARD = "gnu++0x";
				CLANG_CXX_LIBRARY = "libc++";
				CLANG_ENABLE_MODULES = YES;
				CLANG_ENABLE_OBJC_ARC = YES;
				CLANG_WARN_BOOL_CONVERSION = YES;
				CLANG_WARN_CONSTANT_CONVERSION = YES;
				CLANG_WARN_DIRECT_OBJC_ISA_USAGE = YES_ERROR;
				CLANG_WARN_DOCUMENTATION_COMMENTS = YES;
				CLANG_WARN_EMPTY_BODY = YES;
				CLANG_WARN_ENUM_CONVERSION = YES;
				CLANG_WARN_INFINITE_RECURSION = YES;
				CLANG_WARN_INT_CONVERSION = YES;
				CLANG_WARN_OBJC_ROOT_CLASS = YES_ERROR;
				CLANG_WARN_SUSPICIOUS_MOVES = YES;
				CLANG_WARN_UNREACHABLE_CODE = YES;
				CLANG_WARN__DUPLICATE_METHOD_MATCH = YES;
				"CODE_SIGN_IDENTITY[sdk=iphoneos*]" = "iPhone Developer";
				COPY_PHASE_STRIP = NO;
				DEBUG_INFORMATION_FORMAT = "dwarf-with-dsym";
				ENABLE_NS_ASSERTIONS = NO;
				ENABLE_STRICT_OBJC_MSGSEND = YES;
				GCC_C_LANGUAGE_STANDARD = gnu99;
				GCC_NO_COMMON_BLOCKS = YES;
				GCC_WARN_64_TO_32_BIT_CONVERSION = YES;
				GCC_WARN_ABOUT_RETURN_TYPE = YES_ERROR;
				GCC_WARN_UNDECLARED_SELECTOR = YES;
				GCC_WARN_UNINITIALIZED_AUTOS = YES_AGGRESSIVE;
				GCC_WARN_UNUSED_FUNCTION = YES;
				GCC_WARN_UNUSED_VARIABLE = YES;
				IPHONEOS_DEPLOYMENT_TARGET = 10.0;
				MTL_ENABLE_DEBUG_INFO = NO;
				SDKROOT = iphoneos;
				SWIFT_OPTIMIZATION_LEVEL = "-Owholemodule";
				TARGETED_DEVICE_FAMILY = "1,2";
				VALIDATE_PRODUCT = YES;
			};
			name = Release;
		};
		FC10F7151ECF4F2100A51011 /* Debug */ = {
			isa = XCBuildConfiguration;
			baseConfigurationReference = E6851D94A1E3BAA05A9935E6 /* Pods-SocialMediaApp.debug.xcconfig */;
			buildSettings = {
				ASSETCATALOG_COMPILER_APPICON_NAME = AppIcon;
				CODE_SIGN_ENTITLEMENTS = SocialMediaApp/SocialMediaApp.entitlements;
				DEVELOPMENT_TEAM = 8YA35LDKMD;
				INFOPLIST_FILE = SocialMediaApp/Info.plist;
				LD_RUNPATH_SEARCH_PATHS = "$(inherited) @executable_path/Frameworks";
				PRODUCT_BUNDLE_IDENTIFIER = AdamSeppi.SocialMediaApp;
				PRODUCT_NAME = "$(TARGET_NAME)";
				SWIFT_VERSION = 3.0;
			};
			name = Debug;
		};
		FC10F7161ECF4F2100A51011 /* Release */ = {
			isa = XCBuildConfiguration;
			baseConfigurationReference = 690A4C1DF2ED9F5F2219F8A7 /* Pods-SocialMediaApp.release.xcconfig */;
			buildSettings = {
				ASSETCATALOG_COMPILER_APPICON_NAME = AppIcon;
				CODE_SIGN_ENTITLEMENTS = SocialMediaApp/SocialMediaApp.entitlements;
				DEVELOPMENT_TEAM = 8YA35LDKMD;
				FRAMEWORK_SEARCH_PATHS = (
					"$(inherited)",
					"\"$PODS_CONFIGURATION_BUILD_DIR/Bolts\"",
					"\"$PODS_CONFIGURATION_BUILD_DIR/FBSDKCoreKit\"",
					"\"$PODS_CONFIGURATION_BUILD_DIR/FBSDKLoginKit\"",
					"\"$PODS_CONFIGURATION_BUILD_DIR/FacebookCore\"",
					"\"$PODS_CONFIGURATION_BUILD_DIR/FacebookLogin\"",
					"\"$PODS_CONFIGURATION_BUILD_DIR/GTMSessionFetcher\"",
					"\"$PODS_CONFIGURATION_BUILD_DIR/GoogleToolboxForMac\"",
					"\"${PODS_ROOT}/FirebaseAnalytics/Frameworks/frameworks\"",
					"\"${PODS_ROOT}/FirebaseAuth/Frameworks/frameworks\"",
					"\"${PODS_ROOT}/FirebaseCore/Frameworks\"",
					"\"${PODS_ROOT}/FirebaseDatabase/Frameworks\"",
					"\"${PODS_ROOT}/FirebaseInstanceID/Frameworks/frameworks\"",
					"\"${PODS_ROOT}/FirebaseStorage/Frameworks/frameworks\"",
					"\"${PODS_ROOT}/GoogleInterchangeUtilities/Frameworks/frameworks\"",
					"\"${PODS_ROOT}/GoogleSymbolUtilities/Frameworks/frameworks\"",
				);
				INFOPLIST_FILE = SocialMediaApp/Info.plist;
				LD_RUNPATH_SEARCH_PATHS = "$(inherited) @executable_path/Frameworks";
				PRODUCT_BUNDLE_IDENTIFIER = AdamSeppi.SocialMediaApp;
				PRODUCT_NAME = "$(TARGET_NAME)";
				SWIFT_VERSION = 3.0;
			};
			name = Release;
		};
/* End XCBuildConfiguration section */

/* Begin XCConfigurationList section */
		FC10F6FA1ECF4F2100A51011 /* Build configuration list for PBXProject "SocialMediaApp" */ = {
			isa = XCConfigurationList;
			buildConfigurations = (
				FC10F7121ECF4F2100A51011 /* Debug */,
				FC10F7131ECF4F2100A51011 /* Release */,
			);
			defaultConfigurationIsVisible = 0;
			defaultConfigurationName = Release;
		};
		FC10F7141ECF4F2100A51011 /* Build configuration list for PBXNativeTarget "SocialMediaApp" */ = {
			isa = XCConfigurationList;
			buildConfigurations = (
				FC10F7151ECF4F2100A51011 /* Debug */,
				FC10F7161ECF4F2100A51011 /* Release */,
			);
			defaultConfigurationIsVisible = 0;
			defaultConfigurationName = Release;
		};
/* End XCConfigurationList section */

/* Begin XCVersionGroup section */
		FC10F7091ECF4F2100A51011 /* SocialMediaApp.xcdatamodeld */ = {
			isa = XCVersionGroup;
			children = (
				FC10F70A1ECF4F2100A51011 /* SocialMediaApp.xcdatamodel */,
			);
			currentVersion = FC10F70A1ECF4F2100A51011 /* SocialMediaApp.xcdatamodel */;
			path = SocialMediaApp.xcdatamodeld;
			sourceTree = "<group>";
			versionGroupType = wrapper.xcdatamodel;
		};
/* End XCVersionGroup section */
	};
	rootObject = FC10F6F71ECF4F2100A51011 /* Project object */;
}
