// !$*UTF8*$!
{
	archiveVersion = 1;
	classes = {
	};
	objectVersion = 46;
	objects = {

/* Begin PBXBuildFile section */
		A1BE07AB148BA4C551E7A424 /* Pods_SocialMediaApp.framework in Frameworks */ = {isa = PBXBuildFile; fileRef = 6DFA80F84110E15251A82D4C /* Pods_SocialMediaApp.framework */; };
		FC10F7031ECF4F2100A51011 /* AppDelegate.swift in Sources */ = {isa = PBXBuildFile; fileRef = FC10F7021ECF4F2100A51011 /* AppDelegate.swift */; };
		FC10F7051ECF4F2100A51011 /* SignInVC.swift in Sources */ = {isa = PBXBuildFile; fileRef = FC10F7041ECF4F2100A51011 /* SignInVC.swift */; };
		FC10F7081ECF4F2100A51011 /* Main.storyboard in Resources */ = {isa = PBXBuildFile; fileRef = FC10F7061ECF4F2100A51011 /* Main.storyboard */; };
		FC10F70B1ECF4F2100A51011 /* SocialMediaApp.xcdatamodeld in Sources */ = {isa = PBXBuildFile; fileRef = FC10F7091ECF4F2100A51011 /* SocialMediaApp.xcdatamodeld */; };
		FC10F70D1ECF4F2100A51011 /* Assets.xcassets in Resources */ = {isa = PBXBuildFile; fileRef = FC10F70C1ECF4F2100A51011 /* Assets.xcassets */; };
		FC10F7101ECF4F2100A51011 /* LaunchScreen.storyboard in Resources */ = {isa = PBXBuildFile; fileRef = FC10F70E1ECF4F2100A51011 /* LaunchScreen.storyboard */; };
		FC10F7181ECF509500A51011 /* GoogleService-Info.plist in Resources */ = {isa = PBXBuildFile; fileRef = FC10F7171ECF509500A51011 /* GoogleService-Info.plist */; };
/* End PBXBuildFile section */

/* Begin PBXFileReference section */
		6DFA80F84110E15251A82D4C /* Pods_SocialMediaApp.framework */ = {isa = PBXFileReference; explicitFileType = wrapper.framework; includeInIndex = 0; path = Pods_SocialMediaApp.framework; sourceTree = BUILT_PRODUCTS_DIR; };
		9DC0CA856065658BCDC1C556 /* Pods-SocialMediaApp.release.xcconfig */ = {isa = PBXFileReference; includeInIndex = 1; lastKnownFileType = text.xcconfig; name = "Pods-SocialMediaApp.release.xcconfig"; path = "Pods/Target Support Files/Pods-SocialMediaApp/Pods-SocialMediaApp.release.xcconfig"; sourceTree = "<group>"; };
		D7394285021F7F9C41760E82 /* Pods-SocialMediaApp.debug.xcconfig */ = {isa = PBXFileReference; includeInIndex = 1; lastKnownFileType = text.xcconfig; name = "Pods-SocialMediaApp.debug.xcconfig"; path = "Pods/Target Support Files/Pods-SocialMediaApp/Pods-SocialMediaApp.debug.xcconfig"; sourceTree = "<group>"; };
		FC10F6FF1ECF4F2100A51011 /* SocialMediaApp.app */ = {isa = PBXFileReference; explicitFileType = wrapper.application; includeInIndex = 0; path = SocialMediaApp.app; sourceTree = BUILT_PRODUCTS_DIR; };
		FC10F7021ECF4F2100A51011 /* AppDelegate.swift */ = {isa = PBXFileReference; lastKnownFileType = sourcecode.swift; path = AppDelegate.swift; sourceTree = "<group>"; };
		FC10F7041ECF4F2100A51011 /* SignInVC.swift */ = {isa = PBXFileReference; lastKnownFileType = sourcecode.swift; path = SignInVC.swift; sourceTree = "<group>"; };
		FC10F7071ECF4F2100A51011 /* Base */ = {isa = PBXFileReference; lastKnownFileType = file.storyboard; name = Base; path = Base.lproj/Main.storyboard; sourceTree = "<group>"; };
		FC10F70A1ECF4F2100A51011 /* SocialMediaApp.xcdatamodel */ = {isa = PBXFileReference; lastKnownFileType = wrapper.xcdatamodel; path = SocialMediaApp.xcdatamodel; sourceTree = "<group>"; };
		FC10F70C1ECF4F2100A51011 /* Assets.xcassets */ = {isa = PBXFileReference; lastKnownFileType = folder.assetcatalog; path = Assets.xcassets; sourceTree = "<group>"; };
		FC10F70F1ECF4F2100A51011 /* Base */ = {isa = PBXFileReference; lastKnownFileType = file.storyboard; name = Base; path = Base.lproj/LaunchScreen.storyboard; sourceTree = "<group>"; };
		FC10F7111ECF4F2100A51011 /* Info.plist */ = {isa = PBXFileReference; lastKnownFileType = text.plist.xml; path = Info.plist; sourceTree = "<group>"; };
		FC10F7171ECF509500A51011 /* GoogleService-Info.plist */ = {isa = PBXFileReference; fileEncoding = 4; lastKnownFileType = text.plist.xml; path = "GoogleService-Info.plist"; sourceTree = "<group>"; };
/* End PBXFileReference section */

/* Begin PBXFrameworksBuildPhase section */
		FC10F6FC1ECF4F2100A51011 /* Frameworks */ = {
			isa = PBXFrameworksBuildPhase;
			buildActionMask = 2147483647;
			files = (
				A1BE07AB148BA4C551E7A424 /* Pods_SocialMediaApp.framework in Frameworks */,
			);
			runOnlyForDeploymentPostprocessing = 0;
		};
/* End PBXFrameworksBuildPhase section */

/* Begin PBXGroup section */
		467919065546C4F5EF44D9C3 /* Frameworks */ = {
			isa = PBXGroup;
			children = (
				6DFA80F84110E15251A82D4C /* Pods_SocialMediaApp.framework */,
			);
			name = Frameworks;
			sourceTree = "<group>";
		};
		98B949B50A079CF49AF05033 /* Pods */ = {
			isa = PBXGroup;
			children = (
				D7394285021F7F9C41760E82 /* Pods-SocialMediaApp.debug.xcconfig */,
				9DC0CA856065658BCDC1C556 /* Pods-SocialMediaApp.release.xcconfig */,
			);
			name = Pods;
			sourceTree = "<group>";
		};
		FC10F6F61ECF4F2000A51011 = {
			isa = PBXGroup;
			children = (
				FC10F7011ECF4F2100A51011 /* SocialMediaApp */,
				FC10F7001ECF4F2100A51011 /* Products */,
				98B949B50A079CF49AF05033 /* Pods */,
				467919065546C4F5EF44D9C3 /* Frameworks */,
			);
			sourceTree = "<group>";
		};
		FC10F7001ECF4F2100A51011 /* Products */ = {
			isa = PBXGroup;
			children = (
				FC10F6FF1ECF4F2100A51011 /* SocialMediaApp.app */,
			);
			name = Products;
			sourceTree = "<group>";
		};
		FC10F7011ECF4F2100A51011 /* SocialMediaApp */ = {
			isa = PBXGroup;
			children = (
				FCEA40CD1ECF52D600D24411 /* Controller */,
				FCEA40CC1ECF52D000D24411 /* View */,
				FCEA40CB1ECF52C900D24411 /* Model */,
				FC10F7021ECF4F2100A51011 /* AppDelegate.swift */,
				FC10F7061ECF4F2100A51011 /* Main.storyboard */,
				FC10F70C1ECF4F2100A51011 /* Assets.xcassets */,
				FC10F70E1ECF4F2100A51011 /* LaunchScreen.storyboard */,
				FC10F7111ECF4F2100A51011 /* Info.plist */,
				FC10F7091ECF4F2100A51011 /* SocialMediaApp.xcdatamodeld */,
				FC10F7171ECF509500A51011 /* GoogleService-Info.plist */,
			);
			path = SocialMediaApp;
			sourceTree = "<group>";
		};
		FCEA40CB1ECF52C900D24411 /* Model */ = {
			isa = PBXGroup;
			children = (
			);
			name = Model;
			sourceTree = "<group>";
		};
		FCEA40CC1ECF52D000D24411 /* View */ = {
			isa = PBXGroup;
			children = (
			);
			name = View;
			sourceTree = "<group>";
		};
		FCEA40CD1ECF52D600D24411 /* Controller */ = {
			isa = PBXGroup;
			children = (
				FC10F7041ECF4F2100A51011 /* SignInVC.swift */,
			);
			name = Controller;
			sourceTree = "<group>";
		};
/* End PBXGroup section */

/* Begin PBXNativeTarget section */
		FC10F6FE1ECF4F2100A51011 /* SocialMediaApp */ = {
			isa = PBXNativeTarget;
			buildConfigurationList = FC10F7141ECF4F2100A51011 /* Build configuration list for PBXNativeTarget "SocialMediaApp" */;
			buildPhases = (
				8FA4B931E86EEC7129B9E222 /* [CP] Check Pods Manifest.lock */,
				FC10F6FB1ECF4F2100A51011 /* Sources */,
				FC10F6FC1ECF4F2100A51011 /* Frameworks */,
				FC10F6FD1ECF4F2100A51011 /* Resources */,
				8E5C1C1677CD8A3E58AB9D86 /* [CP] Embed Pods Frameworks */,
				D22B31C31C93BD442C7A4A19 /* [CP] Copy Pods Resources */,
			);
			buildRules = (
			);
			dependencies = (
			);
			name = SocialMediaApp;
			productName = SocialMediaApp;
			productReference = FC10F6FF1ECF4F2100A51011 /* SocialMediaApp.app */;
			productType = "com.apple.product-type.application";
		};
/* End PBXNativeTarget section */

/* Begin PBXProject section */
		FC10F6F71ECF4F2100A51011 /* Project object */ = {
			isa = PBXProject;
			attributes = {
				LastSwiftUpdateCheck = 0800;
				LastUpgradeCheck = 0800;
				ORGANIZATIONNAME = AdamSeppi;
				TargetAttributes = {
					FC10F6FE1ECF4F2100A51011 = {
						CreatedOnToolsVersion = 8.0;
						DevelopmentTeam = 8YA35LDKMD;
						ProvisioningStyle = Automatic;
					};
				};
			};
			buildConfigurationList = FC10F6FA1ECF4F2100A51011 /* Build configuration list for PBXProject "SocialMediaApp" */;
			compatibilityVersion = "Xcode 3.2";
			developmentRegion = English;
			hasScannedForEncodings = 0;
			knownRegions = (
				en,
				Base,
			);
			mainGroup = FC10F6F61ECF4F2000A51011;
			productRefGroup = FC10F7001ECF4F2100A51011 /* Products */;
			projectDirPath = "";
			projectRoot = "";
			targets = (
				FC10F6FE1ECF4F2100A51011 /* SocialMediaApp */,
			);
		};
/* End PBXProject section */

/* Begin PBXResourcesBuildPhase section */
		FC10F6FD1ECF4F2100A51011 /* Resources */ = {
			isa = PBXResourcesBuildPhase;
			buildActionMask = 2147483647;
			files = (
				FC10F7101ECF4F2100A51011 /* LaunchScreen.storyboard in Resources */,
				FC10F70D1ECF4F2100A51011 /* Assets.xcassets in Resources */,
				FC10F7081ECF4F2100A51011 /* Main.storyboard in Resources */,
				FC10F7181ECF509500A51011 /* GoogleService-Info.plist in Resources */,
			);
			runOnlyForDeploymentPostprocessing = 0;
		};
/* End PBXResourcesBuildPhase section */

/* Begin PBXShellScriptBuildPhase section */
		8E5C1C1677CD8A3E58AB9D86 /* [CP] Embed Pods Frameworks */ = {
			isa = PBXShellScriptBuildPhase;
			buildActionMask = 2147483647;
			files = (
			);
			inputPaths = (
			);
			name = "[CP] Embed Pods Frameworks";
			outputPaths = (
			);
			runOnlyForDeploymentPostprocessing = 0;
			shellPath = /bin/sh;
			shellScript = "\"${SRCROOT}/Pods/Target Support Files/Pods-SocialMediaApp/Pods-SocialMediaApp-frameworks.sh\"\n";
			showEnvVarsInLog = 0;
		};
		8FA4B931E86EEC7129B9E222 /* [CP] Check Pods Manifest.lock */ = {
			isa = PBXShellScriptBuildPhase;
			buildActionMask = 2147483647;
			files = (
			);
			inputPaths = (
			);
			name = "[CP] Check Pods Manifest.lock";
			outputPaths = (
			);
			runOnlyForDeploymentPostprocessing = 0;
			shellPath = /bin/sh;
			shellScript = "diff \"${PODS_ROOT}/../Podfile.lock\" \"${PODS_ROOT}/Manifest.lock\" > /dev/null\nif [ $? != 0 ] ; then\n    # print error to STDERR\n    echo \"error: The sandbox is not in sync with the Podfile.lock. Run 'pod install' or update your CocoaPods installation.\" >&2\n    exit 1\nfi\n";
			showEnvVarsInLog = 0;
		};
		D22B31C31C93BD442C7A4A19 /* [CP] Copy Pods Resources */ = {
			isa = PBXShellScriptBuildPhase;
			buildActionMask = 2147483647;
			files = (
			);
			inputPaths = (
			);
			name = "[CP] Copy Pods Resources";
			outputPaths = (
			);
			runOnlyForDeploymentPostprocessing = 0;
			shellPath = /bin/sh;
			shellScript = "\"${SRCROOT}/Pods/Target Support Files/Pods-SocialMediaApp/Pods-SocialMediaApp-resources.sh\"\n";
			showEnvVarsInLog = 0;
		};
/* End PBXShellScriptBuildPhase section */

/* Begin PBXSourcesBuildPhase section */
		FC10F6FB1ECF4F2100A51011 /* Sources */ = {
			isa = PBXSourcesBuildPhase;
			buildActionMask = 2147483647;
			files = (
				FC10F70B1ECF4F2100A51011 /* SocialMediaApp.xcdatamodeld in Sources */,
				FC10F7051ECF4F2100A51011 /* SignInVC.swift in Sources */,
				FC10F7031ECF4F2100A51011 /* AppDelegate.swift in Sources */,
			);
			runOnlyForDeploymentPostprocessing = 0;
		};
/* End PBXSourcesBuildPhase section */

/* Begin PBXVariantGroup section */
		FC10F7061ECF4F2100A51011 /* Main.storyboard */ = {
			isa = PBXVariantGroup;
			children = (
				FC10F7071ECF4F2100A51011 /* Base */,
			);
			name = Main.storyboard;
			sourceTree = "<group>";
		};
		FC10F70E1ECF4F2100A51011 /* LaunchScreen.storyboard */ = {
			isa = PBXVariantGroup;
			children = (
				FC10F70F1ECF4F2100A51011 /* Base */,
			);
			name = LaunchScreen.storyboard;
			sourceTree = "<group>";
		};
/* End PBXVariantGroup section */

/* Begin XCBuildConfiguration section */
		FC10F7121ECF4F2100A51011 /* Debug */ = {
			isa = XCBuildConfiguration;
			buildSettings = {
				ALWAYS_SEARCH_USER_PATHS = NO;
				CLANG_ANALYZER_NONNULL = YES;
				CLANG_CXX_LANGUAGE_STANDARD = "gnu++0x";
				CLANG_CXX_LIBRARY = "libc++";
				CLANG_ENABLE_MODULES = YES;
				CLANG_ENABLE_OBJC_ARC = YES;
				CLANG_WARN_BOOL_CONVERSION = YES;
				CLANG_WARN_CONSTANT_CONVERSION = YES;
				CLANG_WARN_DIRECT_OBJC_ISA_USAGE = YES_ERROR;
				CLANG_WARN_DOCUMENTATION_COMMENTS = YES;
				CLANG_WARN_EMPTY_BODY = YES;
				CLANG_WARN_ENUM_CONVERSION = YES;
				CLANG_WARN_INFINITE_RECURSION = YES;
				CLANG_WARN_INT_CONVERSION = YES;
				CLANG_WARN_OBJC_ROOT_CLASS = YES_ERROR;
				CLANG_WARN_SUSPICIOUS_MOVES = YES;
				CLANG_WARN_UNREACHABLE_CODE = YES;
				CLANG_WARN__DUPLICATE_METHOD_MATCH = YES;
				"CODE_SIGN_IDENTITY[sdk=iphoneos*]" = "iPhone Developer";
				COPY_PHASE_STRIP = NO;
				DEBUG_INFORMATION_FORMAT = dwarf;
				ENABLE_STRICT_OBJC_MSGSEND = YES;
				ENABLE_TESTABILITY = YES;
				GCC_C_LANGUAGE_STANDARD = gnu99;
				GCC_DYNAMIC_NO_PIC = NO;
				GCC_NO_COMMON_BLOCKS = YES;
				GCC_OPTIMIZATION_LEVEL = 0;
				GCC_PREPROCESSOR_DEFINITIONS = (
					"DEBUG=1",
					"$(inherited)",
				);
				GCC_WARN_64_TO_32_BIT_CONVERSION = YES;
				GCC_WARN_ABOUT_RETURN_TYPE = YES_ERROR;
				GCC_WARN_UNDECLARED_SELECTOR = YES;
				GCC_WARN_UNINITIALIZED_AUTOS = YES_AGGRESSIVE;
				GCC_WARN_UNUSED_FUNCTION = YES;
				GCC_WARN_UNUSED_VARIABLE = YES;
				IPHONEOS_DEPLOYMENT_TARGET = 10.0;
				MTL_ENABLE_DEBUG_INFO = YES;
				ONLY_ACTIVE_ARCH = YES;
				SDKROOT = iphoneos;
				SWIFT_ACTIVE_COMPILATION_CONDITIONS = DEBUG;
				SWIFT_OPTIMIZATION_LEVEL = "-Onone";
				TARGETED_DEVICE_FAMILY = "1,2";
			};
			name = Debug;
		};
		FC10F7131ECF4F2100A51011 /* Release */ = {
			isa = XCBuildConfiguration;
			buildSettings = {
				ALWAYS_SEARCH_USER_PATHS = NO;
				CLANG_ANALYZER_NONNULL = YES;
				CLANG_CXX_LANGUAGE_STANDARD = "gnu++0x";
				CLANG_CXX_LIBRARY = "libc++";
				CLANG_ENABLE_MODULES = YES;
				CLANG_ENABLE_OBJC_ARC = YES;
				CLANG_WARN_BOOL_CONVERSION = YES;
				CLANG_WARN_CONSTANT_CONVERSION = YES;
				CLANG_WARN_DIRECT_OBJC_ISA_USAGE = YES_ERROR;
				CLANG_WARN_DOCUMENTATION_COMMENTS = YES;
				CLANG_WARN_EMPTY_BODY = YES;
				CLANG_WARN_ENUM_CONVERSION = YES;
				CLANG_WARN_INFINITE_RECURSION = YES;
				CLANG_WARN_INT_CONVERSION = YES;
				CLANG_WARN_OBJC_ROOT_CLASS = YES_ERROR;
				CLANG_WARN_SUSPICIOUS_MOVES = YES;
				CLANG_WARN_UNREACHABLE_CODE = YES;
				CLANG_WARN__DUPLICATE_METHOD_MATCH = YES;
				"CODE_SIGN_IDENTITY[sdk=iphoneos*]" = "iPhone Developer";
				COPY_PHASE_STRIP = NO;
				DEBUG_INFORMATION_FORMAT = "dwarf-with-dsym";
				ENABLE_NS_ASSERTIONS = NO;
				ENABLE_STRICT_OBJC_MSGSEND = YES;
				GCC_C_LANGUAGE_STANDARD = gnu99;
				GCC_NO_COMMON_BLOCKS = YES;
				GCC_WARN_64_TO_32_BIT_CONVERSION = YES;
				GCC_WARN_ABOUT_RETURN_TYPE = YES_ERROR;
				GCC_WARN_UNDECLARED_SELECTOR = YES;
				GCC_WARN_UNINITIALIZED_AUTOS = YES_AGGRESSIVE;
				GCC_WARN_UNUSED_FUNCTION = YES;
				GCC_WARN_UNUSED_VARIABLE = YES;
				IPHONEOS_DEPLOYMENT_TARGET = 10.0;
				MTL_ENABLE_DEBUG_INFO = NO;
				SDKROOT = iphoneos;
				SWIFT_OPTIMIZATION_LEVEL = "-Owholemodule";
				TARGETED_DEVICE_FAMILY = "1,2";
				VALIDATE_PRODUCT = YES;
			};
			name = Release;
		};
		FC10F7151ECF4F2100A51011 /* Debug */ = {
			isa = XCBuildConfiguration;
			baseConfigurationReference = D7394285021F7F9C41760E82 /* Pods-SocialMediaApp.debug.xcconfig */;
			buildSettings = {
				ASSETCATALOG_COMPILER_APPICON_NAME = AppIcon;
				DEVELOPMENT_TEAM = 8YA35LDKMD;
				INFOPLIST_FILE = SocialMediaApp/Info.plist;
				LD_RUNPATH_SEARCH_PATHS = "$(inherited) @executable_path/Frameworks";
				PRODUCT_BUNDLE_IDENTIFIER = AdamSeppi.SocialMediaApp;
				PRODUCT_NAME = "$(TARGET_NAME)";
				SWIFT_VERSION = 3.0;
			};
			name = Debug;
		};
		FC10F7161ECF4F2100A51011 /* Release */ = {
			isa = XCBuildConfiguration;
			baseConfigurationReference = 9DC0CA856065658BCDC1C556 /* Pods-SocialMediaApp.release.xcconfig */;
			buildSettings = {
				ASSETCATALOG_COMPILER_APPICON_NAME = AppIcon;
				DEVELOPMENT_TEAM = 8YA35LDKMD;
				INFOPLIST_FILE = SocialMediaApp/Info.plist;
				LD_RUNPATH_SEARCH_PATHS = "$(inherited) @executable_path/Frameworks";
				PRODUCT_BUNDLE_IDENTIFIER = AdamSeppi.SocialMediaApp;
				PRODUCT_NAME = "$(TARGET_NAME)";
				SWIFT_VERSION = 3.0;
			};
			name = Release;
		};
/* End XCBuildConfiguration section */

/* Begin XCConfigurationList section */
		FC10F6FA1ECF4F2100A51011 /* Build configuration list for PBXProject "SocialMediaApp" */ = {
			isa = XCConfigurationList;
			buildConfigurations = (
				FC10F7121ECF4F2100A51011 /* Debug */,
				FC10F7131ECF4F2100A51011 /* Release */,
			);
			defaultConfigurationIsVisible = 0;
			defaultConfigurationName = Release;
		};
		FC10F7141ECF4F2100A51011 /* Build configuration list for PBXNativeTarget "SocialMediaApp" */ = {
			isa = XCConfigurationList;
			buildConfigurations = (
				FC10F7151ECF4F2100A51011 /* Debug */,
				FC10F7161ECF4F2100A51011 /* Release */,
			);
			defaultConfigurationIsVisible = 0;
			defaultConfigurationName = Release;
		};
/* End XCConfigurationList section */

/* Begin XCVersionGroup section */
		FC10F7091ECF4F2100A51011 /* SocialMediaApp.xcdatamodeld */ = {
			isa = XCVersionGroup;
			children = (
				FC10F70A1ECF4F2100A51011 /* SocialMediaApp.xcdatamodel */,
			);
			currentVersion = FC10F70A1ECF4F2100A51011 /* SocialMediaApp.xcdatamodel */;
			path = SocialMediaApp.xcdatamodeld;
			sourceTree = "<group>";
			versionGroupType = wrapper.xcdatamodel;
		};
/* End XCVersionGroup section */
	};
	rootObject = FC10F6F71ECF4F2100A51011 /* Project object */;
}
